// !$*UTF8*$!
{
	archiveVersion = 1;
	classes = {
	};
	objectVersion = 77;
	objects = {

/* Begin PBXBuildFile section */
		EF1E2AF22DCB3B9A006A03DE /* Assets.xcassets in Resources */ = {isa = PBXBuildFile; fileRef = EF1E2AED2DCB3B9A006A03DE /* Assets.xcassets */; };
		EF1E2AF32DCB3B9A006A03DE /* ContentView.swift in Sources */ = {isa = PBXBuildFile; fileRef = EF1E2AEE2DCB3B9A006A03DE /* ContentView.swift */; };
		EF1E2AF42DCB3B9A006A03DE /* PatternEditorApp.swift in Sources */ = {isa = PBXBuildFile; fileRef = EF1E2AF02DCB3B9A006A03DE /* PatternEditorApp.swift */; };
		EF1E2AF62DCB3DDA006A03DE /* PatternGrid.swift in Sources */ = {isa = PBXBuildFile; fileRef = EF1E2AF52DCB3DDA006A03DE /* PatternGrid.swift */; };
		EF1E2AF82DCB420E006A03DE /* PatternEditorView.swift in Sources */ = {isa = PBXBuildFile; fileRef = EF1E2AF72DCB420E006A03DE /* PatternEditorView.swift */; };
		EF1E2AFB2DCB4644006A03DE /* String+Ext.swift in Sources */ = {isa = PBXBuildFile; fileRef = EF1E2AFA2DCB4644006A03DE /* String+Ext.swift */; };
		EF1E2AFD2DCB6F89006A03DE /* CodePreview.swift in Sources */ = {isa = PBXBuildFile; fileRef = EF1E2AFC2DCB6F89006A03DE /* CodePreview.swift */; };
/* End PBXBuildFile section */

/* Begin PBXFileReference section */
		EF1E2ADE2DCB3B91006A03DE /* PatternEditor.app */ = {isa = PBXFileReference; explicitFileType = wrapper.application; includeInIndex = 0; path = PatternEditor.app; sourceTree = BUILT_PRODUCTS_DIR; };
		EF1E2AED2DCB3B9A006A03DE /* Assets.xcassets */ = {isa = PBXFileReference; lastKnownFileType = folder.assetcatalog; path = Assets.xcassets; sourceTree = "<group>"; };
		EF1E2AEE2DCB3B9A006A03DE /* ContentView.swift */ = {isa = PBXFileReference; lastKnownFileType = sourcecode.swift; path = ContentView.swift; sourceTree = "<group>"; };
		EF1E2AEF2DCB3B9A006A03DE /* PatternEditor.entitlements */ = {isa = PBXFileReference; lastKnownFileType = text.plist.entitlements; path = PatternEditor.entitlements; sourceTree = "<group>"; };
		EF1E2AF02DCB3B9A006A03DE /* PatternEditorApp.swift */ = {isa = PBXFileReference; lastKnownFileType = sourcecode.swift; path = PatternEditorApp.swift; sourceTree = "<group>"; };
		EF1E2AF52DCB3DDA006A03DE /* PatternGrid.swift */ = {isa = PBXFileReference; lastKnownFileType = sourcecode.swift; path = PatternGrid.swift; sourceTree = "<group>"; };
		EF1E2AF72DCB420E006A03DE /* PatternEditorView.swift */ = {isa = PBXFileReference; lastKnownFileType = sourcecode.swift; path = PatternEditorView.swift; sourceTree = "<group>"; };
		EF1E2AFA2DCB4644006A03DE /* String+Ext.swift */ = {isa = PBXFileReference; lastKnownFileType = sourcecode.swift; path = "String+Ext.swift"; sourceTree = "<group>"; };
		EF1E2AFC2DCB6F89006A03DE /* CodePreview.swift */ = {isa = PBXFileReference; lastKnownFileType = sourcecode.swift; path = CodePreview.swift; sourceTree = "<group>"; };
/* End PBXFileReference section */

/* Begin PBXFrameworksBuildPhase section */
		EF1E2ADB2DCB3B91006A03DE /* Frameworks */ = {
			isa = PBXFrameworksBuildPhase;
			buildActionMask = 2147483647;
			files = (
			);
			runOnlyForDeploymentPostprocessing = 0;
		};
/* End PBXFrameworksBuildPhase section */

/* Begin PBXGroup section */
		EF1E2AD52DCB3B90006A03DE = {
			isa = PBXGroup;
			children = (
				EF1E2AF12DCB3B9A006A03DE /* PatternEditor */,
				EF1E2ADF2DCB3B91006A03DE /* Products */,
			);
			sourceTree = "<group>";
		};
		EF1E2ADF2DCB3B91006A03DE /* Products */ = {
			isa = PBXGroup;
			children = (
				EF1E2ADE2DCB3B91006A03DE /* PatternEditor.app */,
			);
			name = Products;
			sourceTree = "<group>";
		};
		EF1E2AF12DCB3B9A006A03DE /* PatternEditor */ = {
			isa = PBXGroup;
			children = (
				EF1E2AF92DCB4611006A03DE /* Extension */,
				EF1E2AEE2DCB3B9A006A03DE /* ContentView.swift */,
				EF1E2AFC2DCB6F89006A03DE /* CodePreview.swift */,
				EF1E2AF52DCB3DDA006A03DE /* PatternGrid.swift */,
				EF1E2AF72DCB420E006A03DE /* PatternEditorView.swift */,
				EF1E2AF02DCB3B9A006A03DE /* PatternEditorApp.swift */,
				EF1E2AEF2DCB3B9A006A03DE /* PatternEditor.entitlements */,
				EF1E2AED2DCB3B9A006A03DE /* Assets.xcassets */,
			);
			path = PatternEditor;
			sourceTree = "<group>";
		};
		EF1E2AF92DCB4611006A03DE /* Extension */ = {
			isa = PBXGroup;
			children = (
				EF1E2AFA2DCB4644006A03DE /* String+Ext.swift */,
			);
			path = Extension;
			sourceTree = "<group>";
		};
/* End PBXGroup section */

/* Begin PBXNativeTarget section */
		EF1E2ADD2DCB3B91006A03DE /* PatternEditor */ = {
			isa = PBXNativeTarget;
			buildConfigurationList = EF1E2AEA2DCB3B92006A03DE /* Build configuration list for PBXNativeTarget "PatternEditor" */;
			buildPhases = (
				EF1E2ADA2DCB3B91006A03DE /* Sources */,
				EF1E2ADB2DCB3B91006A03DE /* Frameworks */,
				EF1E2ADC2DCB3B91006A03DE /* Resources */,
			);
			buildRules = (
			);
			dependencies = (
			);
			name = PatternEditor;
			packageProductDependencies = (
			);
			productName = PatternEditor;
			productReference = EF1E2ADE2DCB3B91006A03DE /* PatternEditor.app */;
			productType = "com.apple.product-type.application";
		};
/* End PBXNativeTarget section */

/* Begin PBXProject section */
		EF1E2AD62DCB3B90006A03DE /* Project object */ = {
			isa = PBXProject;
			attributes = {
				BuildIndependentTargetsInParallel = 1;
				LastSwiftUpdateCheck = 1630;
				LastUpgradeCheck = 1630;
				TargetAttributes = {
					EF1E2ADD2DCB3B91006A03DE = {
						CreatedOnToolsVersion = 16.3;
					};
				};
			};
			buildConfigurationList = EF1E2AD92DCB3B90006A03DE /* Build configuration list for PBXProject "PatternEditor" */;
			developmentRegion = en;
			hasScannedForEncodings = 0;
			knownRegions = (
				en,
				Base,
			);
			mainGroup = EF1E2AD52DCB3B90006A03DE;
			minimizedProjectReferenceProxies = 1;
			preferredProjectObjectVersion = 77;
			productRefGroup = EF1E2ADF2DCB3B91006A03DE /* Products */;
			projectDirPath = "";
			projectRoot = "";
			targets = (
				EF1E2ADD2DCB3B91006A03DE /* PatternEditor */,
			);
		};
/* End PBXProject section */

/* Begin PBXResourcesBuildPhase section */
		EF1E2ADC2DCB3B91006A03DE /* Resources */ = {
			isa = PBXResourcesBuildPhase;
			buildActionMask = 2147483647;
			files = (
				EF1E2AF22DCB3B9A006A03DE /* Assets.xcassets in Resources */,
			);
			runOnlyForDeploymentPostprocessing = 0;
		};
/* End PBXResourcesBuildPhase section */

/* Begin PBXSourcesBuildPhase section */
		EF1E2ADA2DCB3B91006A03DE /* Sources */ = {
			isa = PBXSourcesBuildPhase;
			buildActionMask = 2147483647;
			files = (
				EF1E2AF32DCB3B9A006A03DE /* ContentView.swift in Sources */,
				EF1E2AF42DCB3B9A006A03DE /* PatternEditorApp.swift in Sources */,
				EF1E2AF82DCB420E006A03DE /* PatternEditorView.swift in Sources */,
				EF1E2AFD2DCB6F89006A03DE /* CodePreview.swift in Sources */,
				EF1E2AFB2DCB4644006A03DE /* String+Ext.swift in Sources */,
				EF1E2AF62DCB3DDA006A03DE /* PatternGrid.swift in Sources */,
			);
			runOnlyForDeploymentPostprocessing = 0;
		};
/* End PBXSourcesBuildPhase section */

/* Begin XCBuildConfiguration section */
		EF1E2AE82DCB3B92006A03DE /* Debug */ = {
			isa = XCBuildConfiguration;
			buildSettings = {
				ALWAYS_SEARCH_USER_PATHS = NO;
				ASSETCATALOG_COMPILER_GENERATE_SWIFT_ASSET_SYMBOL_EXTENSIONS = YES;
				CLANG_ANALYZER_NONNULL = YES;
				CLANG_ANALYZER_NUMBER_OBJECT_CONVERSION = YES_AGGRESSIVE;
				CLANG_CXX_LANGUAGE_STANDARD = "gnu++20";
				CLANG_ENABLE_MODULES = YES;
				CLANG_ENABLE_OBJC_ARC = YES;
				CLANG_ENABLE_OBJC_WEAK = YES;
				CLANG_WARN_BLOCK_CAPTURE_AUTORELEASING = YES;
				CLANG_WARN_BOOL_CONVERSION = YES;
				CLANG_WARN_COMMA = YES;
				CLANG_WARN_CONSTANT_CONVERSION = YES;
				CLANG_WARN_DEPRECATED_OBJC_IMPLEMENTATIONS = YES;
				CLANG_WARN_DIRECT_OBJC_ISA_USAGE = YES_ERROR;
				CLANG_WARN_DOCUMENTATION_COMMENTS = YES;
				CLANG_WARN_EMPTY_BODY = YES;
				CLANG_WARN_ENUM_CONVERSION = YES;
				CLANG_WARN_INFINITE_RECURSION = YES;
				CLANG_WARN_INT_CONVERSION = YES;
				CLANG_WARN_NON_LITERAL_NULL_CONVERSION = YES;
				CLANG_WARN_OBJC_IMPLICIT_RETAIN_SELF = YES;
				CLANG_WARN_OBJC_LITERAL_CONVERSION = YES;
				CLANG_WARN_OBJC_ROOT_CLASS = YES_ERROR;
				CLANG_WARN_QUOTED_INCLUDE_IN_FRAMEWORK_HEADER = YES;
				CLANG_WARN_RANGE_LOOP_ANALYSIS = YES;
				CLANG_WARN_STRICT_PROTOTYPES = YES;
				CLANG_WARN_SUSPICIOUS_MOVE = YES;
				CLANG_WARN_UNGUARDED_AVAILABILITY = YES_AGGRESSIVE;
				CLANG_WARN_UNREACHABLE_CODE = YES;
				CLANG_WARN__DUPLICATE_METHOD_MATCH = YES;
				COPY_PHASE_STRIP = NO;
				DEBUG_INFORMATION_FORMAT = dwarf;
				DEVELOPMENT_TEAM = T9MD4URZFH;
				ENABLE_STRICT_OBJC_MSGSEND = YES;
				ENABLE_TESTABILITY = YES;
				ENABLE_USER_SCRIPT_SANDBOXING = YES;
				GCC_C_LANGUAGE_STANDARD = gnu17;
				GCC_DYNAMIC_NO_PIC = NO;
				GCC_NO_COMMON_BLOCKS = YES;
				GCC_OPTIMIZATION_LEVEL = 0;
				GCC_PREPROCESSOR_DEFINITIONS = (
					"DEBUG=1",
					"$(inherited)",
				);
				GCC_WARN_64_TO_32_BIT_CONVERSION = YES;
				GCC_WARN_ABOUT_RETURN_TYPE = YES_ERROR;
				GCC_WARN_UNDECLARED_SELECTOR = YES;
				GCC_WARN_UNINITIALIZED_AUTOS = YES_AGGRESSIVE;
				GCC_WARN_UNUSED_FUNCTION = YES;
				GCC_WARN_UNUSED_VARIABLE = YES;
				LOCALIZATION_PREFERS_STRING_CATALOGS = YES;
				MACOSX_DEPLOYMENT_TARGET = 15.4;
				MTL_ENABLE_DEBUG_INFO = INCLUDE_SOURCE;
				MTL_FAST_MATH = YES;
				ONLY_ACTIVE_ARCH = YES;
				SDKROOT = macosx;
				SWIFT_ACTIVE_COMPILATION_CONDITIONS = "DEBUG $(inherited)";
				SWIFT_OPTIMIZATION_LEVEL = "-Onone";
			};
			name = Debug;
		};
		EF1E2AE92DCB3B92006A03DE /* Release */ = {
			isa = XCBuildConfiguration;
			buildSettings = {
				ALWAYS_SEARCH_USER_PATHS = NO;
				ASSETCATALOG_COMPILER_GENERATE_SWIFT_ASSET_SYMBOL_EXTENSIONS = YES;
				CLANG_ANALYZER_NONNULL = YES;
				CLANG_ANALYZER_NUMBER_OBJECT_CONVERSION = YES_AGGRESSIVE;
				CLANG_CXX_LANGUAGE_STANDARD = "gnu++20";
				CLANG_ENABLE_MODULES = YES;
				CLANG_ENABLE_OBJC_ARC = YES;
				CLANG_ENABLE_OBJC_WEAK = YES;
				CLANG_WARN_BLOCK_CAPTURE_AUTORELEASING = YES;
				CLANG_WARN_BOOL_CONVERSION = YES;
				CLANG_WARN_COMMA = YES;
				CLANG_WARN_CONSTANT_CONVERSION = YES;
				CLANG_WARN_DEPRECATED_OBJC_IMPLEMENTATIONS = YES;
				CLANG_WARN_DIRECT_OBJC_ISA_USAGE = YES_ERROR;
				CLANG_WARN_DOCUMENTATION_COMMENTS = YES;
				CLANG_WARN_EMPTY_BODY = YES;
				CLANG_WARN_ENUM_CONVERSION = YES;
				CLANG_WARN_INFINITE_RECURSION = YES;
				CLANG_WARN_INT_CONVERSION = YES;
				CLANG_WARN_NON_LITERAL_NULL_CONVERSION = YES;
				CLANG_WARN_OBJC_IMPLICIT_RETAIN_SELF = YES;
				CLANG_WARN_OBJC_LITERAL_CONVERSION = YES;
				CLANG_WARN_OBJC_ROOT_CLASS = YES_ERROR;
				CLANG_WARN_QUOTED_INCLUDE_IN_FRAMEWORK_HEADER = YES;
				CLANG_WARN_RANGE_LOOP_ANALYSIS = YES;
				CLANG_WARN_STRICT_PROTOTYPES = YES;
				CLANG_WARN_SUSPICIOUS_MOVE = YES;
				CLANG_WARN_UNGUARDED_AVAILABILITY = YES_AGGRESSIVE;
				CLANG_WARN_UNREACHABLE_CODE = YES;
				CLANG_WARN__DUPLICATE_METHOD_MATCH = YES;
				COPY_PHASE_STRIP = NO;
				DEBUG_INFORMATION_FORMAT = "dwarf-with-dsym";
				DEVELOPMENT_TEAM = T9MD4URZFH;
				ENABLE_NS_ASSERTIONS = NO;
				ENABLE_STRICT_OBJC_MSGSEND = YES;
				ENABLE_USER_SCRIPT_SANDBOXING = YES;
				GCC_C_LANGUAGE_STANDARD = gnu17;
				GCC_NO_COMMON_BLOCKS = YES;
				GCC_WARN_64_TO_32_BIT_CONVERSION = YES;
				GCC_WARN_ABOUT_RETURN_TYPE = YES_ERROR;
				GCC_WARN_UNDECLARED_SELECTOR = YES;
				GCC_WARN_UNINITIALIZED_AUTOS = YES_AGGRESSIVE;
				GCC_WARN_UNUSED_FUNCTION = YES;
				GCC_WARN_UNUSED_VARIABLE = YES;
				LOCALIZATION_PREFERS_STRING_CATALOGS = YES;
				MACOSX_DEPLOYMENT_TARGET = 15.4;
				MTL_ENABLE_DEBUG_INFO = NO;
				MTL_FAST_MATH = YES;
				SDKROOT = macosx;
				SWIFT_COMPILATION_MODE = wholemodule;
			};
			name = Release;
		};
		EF1E2AEB2DCB3B92006A03DE /* Debug */ = {
			isa = XCBuildConfiguration;
			buildSettings = {
				ASSETCATALOG_COMPILER_APPICON_NAME = AppIcon;
				ASSETCATALOG_COMPILER_GLOBAL_ACCENT_COLOR_NAME = AccentColor;
				CODE_SIGN_ENTITLEMENTS = PatternEditor/PatternEditor.entitlements;
				CODE_SIGN_STYLE = Automatic;
				COMBINE_HIDPI_IMAGES = YES;
				CURRENT_PROJECT_VERSION = 1;
				DEVELOPMENT_TEAM = T9MD4URZFH;
				ENABLE_HARDENED_RUNTIME = YES;
				ENABLE_PREVIEWS = YES;
				GENERATE_INFOPLIST_FILE = YES;
				INFOPLIST_KEY_NSHumanReadableCopyright = "";
				LD_RUNPATH_SEARCH_PATHS = (
					"$(inherited)",
					"@executable_path/../Frameworks",
				);
				MARKETING_VERSION = 1.0;
				PRODUCT_BUNDLE_IDENTIFIER = com.superkookai.PatternEditor;
				PRODUCT_NAME = "$(TARGET_NAME)";
				REGISTER_APP_GROUPS = YES;
				SWIFT_EMIT_LOC_STRINGS = YES;
				SWIFT_VERSION = 5.0;
			};
			name = Debug;
		};
		EF1E2AEC2DCB3B92006A03DE /* Release */ = {
			isa = XCBuildConfiguration;
			buildSettings = {
				ASSETCATALOG_COMPILER_APPICON_NAME = AppIcon;
				ASSETCATALOG_COMPILER_GLOBAL_ACCENT_COLOR_NAME = AccentColor;
				CODE_SIGN_ENTITLEMENTS = PatternEditor/PatternEditor.entitlements;
				CODE_SIGN_STYLE = Automatic;
				COMBINE_HIDPI_IMAGES = YES;
				CURRENT_PROJECT_VERSION = 1;
				DEVELOPMENT_TEAM = T9MD4URZFH;
				ENABLE_HARDENED_RUNTIME = YES;
				ENABLE_PREVIEWS = YES;
				GENERATE_INFOPLIST_FILE = YES;
				INFOPLIST_KEY_NSHumanReadableCopyright = "";
				LD_RUNPATH_SEARCH_PATHS = (
					"$(inherited)",
					"@executable_path/../Frameworks",
				);
				MARKETING_VERSION = 1.0;
				PRODUCT_BUNDLE_IDENTIFIER = com.superkookai.PatternEditor;
				PRODUCT_NAME = "$(TARGET_NAME)";
				REGISTER_APP_GROUPS = YES;
				SWIFT_EMIT_LOC_STRINGS = YES;
				SWIFT_VERSION = 5.0;
			};
			name = Release;
		};
/* End XCBuildConfiguration section */

/* Begin XCConfigurationList section */
		EF1E2AD92DCB3B90006A03DE /* Build configuration list for PBXProject "PatternEditor" */ = {
			isa = XCConfigurationList;
			buildConfigurations = (
				EF1E2AE82DCB3B92006A03DE /* Debug */,
				EF1E2AE92DCB3B92006A03DE /* Release */,
			);
			defaultConfigurationIsVisible = 0;
			defaultConfigurationName = Release;
		};
		EF1E2AEA2DCB3B92006A03DE /* Build configuration list for PBXNativeTarget "PatternEditor" */ = {
			isa = XCConfigurationList;
			buildConfigurations = (
				EF1E2AEB2DCB3B92006A03DE /* Debug */,
				EF1E2AEC2DCB3B92006A03DE /* Release */,
			);
			defaultConfigurationIsVisible = 0;
			defaultConfigurationName = Release;
		};
/* End XCConfigurationList section */
	};
	rootObject = EF1E2AD62DCB3B90006A03DE /* Project object */;
}
